
Microsoft Visual Studio Solution File, Format Version 12.00
# Visual Studio 15
Project("{FAE04EC0-301F-11D3-BF4B-00C04F79EFBC}") = "Assembly-CSharp", "Assembly-CSharp.csproj", "{A6D5C956-7E9C-2D20-0B0D-8E96EB42E03E}"
EndProject
Project("{FAE04EC0-301F-11D3-BF4B-00C04F79EFBC}") = "Assembly-CSharp-Editor", "Assembly-CSharp-Editor.csproj", "{DD256B1F-6B3A-D9F1-57B2-236E1A242CF0}"
EndProject
Project("{FAE04EC0-301F-11D3-BF4B-00C04F79EFBC}") = "Assembly-CSharp-firstpass", "Assembly-CSharp-firstpass.csproj", "{0624D349-C6F7-77D1-A22F-1F4D690158AB}"
EndProject
Global
	GlobalSection(SolutionConfigurationPlatforms) = preSolution
		Debug|Any CPU = Debug|Any CPU
		Release|Any CPU = Release|Any CPU
	EndGlobalSection
	GlobalSection(ProjectConfigurationPlatforms) = postSolution
		{A6D5C956-7E9C-2D20-0B0D-8E96EB42E03E}.Debug|Any CPU.ActiveCfg = Debug|Any CPU
		{A6D5C956-7E9C-2D20-0B0D-8E96EB42E03E}.Debug|Any CPU.Build.0 = Debug|Any CPU
		{A6D5C956-7E9C-2D20-0B0D-8E96EB42E03E}.Release|Any CPU.ActiveCfg = Release|Any CPU
		{A6D5C956-7E9C-2D20-0B0D-8E96EB42E03E}.Release|Any CPU.Build.0 = Release|Any CPU
		{DD256B1F-6B3A-D9F1-57B2-236E1A242CF0}.Debug|Any CPU.ActiveCfg = Debug|Any CPU
		{DD256B1F-6B3A-D9F1-57B2-236E1A242CF0}.Debug|Any CPU.Build.0 = Debug|Any CPU
		{DD256B1F-6B3A-D9F1-57B2-236E1A242CF0}.Release|Any CPU.ActiveCfg = Release|Any CPU
		{DD256B1F-6B3A-D9F1-57B2-236E1A242CF0}.Release|Any CPU.Build.0 = Release|Any CPU
		{0624D349-C6F7-77D1-A22F-1F4D690158AB}.Debug|Any CPU.ActiveCfg = Debug|Any CPU
		{0624D349-C6F7-77D1-A22F-1F4D690158AB}.Debug|Any CPU.Build.0 = Debug|Any CPU
		{0624D349-C6F7-77D1-A22F-1F4D690158AB}.Release|Any CPU.ActiveCfg = Release|Any CPU
		{0624D349-C6F7-77D1-A22F-1F4D690158AB}.Release|Any CPU.Build.0 = Release|Any CPU
	EndGlobalSection
	GlobalSection(SolutionProperties) = preSolution
		HideSolutionNode = FALSE
	EndGlobalSection
EndGlobal
